
Microsoft Visual Studio Solution File, Format Version 12.00
# Visual Studio Version 17
VisualStudioVersion = 17.5.002.0
MinimumVisualStudioVersion = 10.0.40219.1
Project("{9A19103F-16F7-4668-BE54-9A1E7A4F7556}") = "app", "app.csproj", "{E1253E7B-3E11-4E1F-9D8E-12BEE7FE774E}"
EndProject
Global
	GlobalSection(SolutionConfigurationPlatforms) = preSolution
		Debug|Any CPU = Debug|Any CPU
		Release|Any CPU = Release|Any CPU
	EndGlobalSection
	GlobalSection(ProjectConfigurationPlatforms) = postSolution
		{E1253E7B-3E11-4E1F-9D8E-12BEE7FE774E}.Debug|Any CPU.ActiveCfg = Debug|Any CPU
		{E1253E7B-3E11-4E1F-9D8E-12BEE7FE774E}.Debug|Any CPU.Build.0 = Debug|Any CPU
		{E1253E7B-3E11-4E1F-9D8E-12BEE7FE774E}.Release|Any CPU.ActiveCfg = Release|Any CPU
		{E1253E7B-3E11-4E1F-9D8E-12BEE7FE774E}.Release|Any CPU.Build.0 = Release|Any CPU
	EndGlobalSection
	GlobalSection(SolutionProperties) = preSolution
		HideSolutionNode = FALSE
	EndGlobalSection
	GlobalSection(ExtensibilityGlobals) = postSolution
		SolutionGuid = {682F628B-96AF-472A-A146-7471AB315DA2}
	EndGlobalSection
EndGlobal
